{
  "name": "vibe-coding-production",
  "version": "0.9.3",
  "lockfileVersion": 3,
  "requires": true,
  "packages": {
    "": {
      "name": "vibe-coding-production",
      "version": "0.9.3",
      "license": "MIT",
      "bin": {
        "vcp": "bin/vibe-coding-production.mjs",
        "vibe-coding-production": "bin/vibe-coding-production.mjs"
      },
      "engines": {
        "node": ">=22"
      }
    }
  }
}
